// !$*UTF8*$!
{
	archiveVersion = 1;
	classes = {
	};
	objectVersion = 48;
	objects = {

/* Begin PBXBuildFile section */
		4A39E09220480409000AB384 /* AppDelegate.m in Sources */ = {isa = PBXBuildFile; fileRef = 4A39E09120480409000AB384 /* AppDelegate.m */; };
		4A39E09520480409000AB384 /* ViewController.m in Sources */ = {isa = PBXBuildFile; fileRef = 4A39E09420480409000AB384 /* ViewController.m */; };
		4A39E09820480409000AB384 /* Main.storyboard in Resources */ = {isa = PBXBuildFile; fileRef = 4A39E09620480409000AB384 /* Main.storyboard */; };
		4A39E09A20480409000AB384 /* Assets.xcassets in Resources */ = {isa = PBXBuildFile; fileRef = 4A39E09920480409000AB384 /* Assets.xcassets */; };
		4A39E09D20480409000AB384 /* LaunchScreen.storyboard in Resources */ = {isa = PBXBuildFile; fileRef = 4A39E09B20480409000AB384 /* LaunchScreen.storyboard */; };
		4A39E0A020480409000AB384 /* main.m in Sources */ = {isa = PBXBuildFile; fileRef = 4A39E09F20480409000AB384 /* main.m */; };
		4A39E0B6204804A4000AB384 /* Test002.storyboard in Resources */ = {isa = PBXBuildFile; fileRef = 4A39E0B0204804A3000AB384 /* Test002.storyboard */; };
		4A39E0B7204804A4000AB384 /* Test002ViewController.m in Sources */ = {isa = PBXBuildFile; fileRef = 4A39E0B1204804A3000AB384 /* Test002ViewController.m */; };
		4A39E0B8204804A4000AB384 /* Test001.storyboard in Resources */ = {isa = PBXBuildFile; fileRef = 4A39E0B2204804A3000AB384 /* Test001.storyboard */; };
		4A39E0B9204804A4000AB384 /* Test001ViewController.m in Sources */ = {isa = PBXBuildFile; fileRef = 4A39E0B4204804A3000AB384 /* Test001ViewController.m */; };
		4A40A454204E2D1E00C6A576 /* LJYShop.m in Sources */ = {isa = PBXBuildFile; fileRef = 4A40A453204E2D1E00C6A576 /* LJYShop.m */; };
		4A40A457204E318900C6A576 /* LJYShopView.m in Sources */ = {isa = PBXBuildFile; fileRef = 4A40A456204E318900C6A576 /* LJYShopView.m */; };
		4A40A459204E3D1300C6A576 /* LJYShopView.xib in Resources */ = {isa = PBXBuildFile; fileRef = 4A40A458204E3D1300C6A576 /* LJYShopView.xib */; };
		4A40A45C204E3DF500C6A576 /* LJYShopViewXib.m in Sources */ = {isa = PBXBuildFile; fileRef = 4A40A45B204E3DF500C6A576 /* LJYShopViewXib.m */; };
		4A40A45F204E5F8D00C6A576 /* LJYButton.m in Sources */ = {isa = PBXBuildFile; fileRef = 4A40A45E204E5F8D00C6A576 /* LJYButton.m */; };
		4A440D8920492B53004362A8 /* mySong3.mp3 in Resources */ = {isa = PBXBuildFile; fileRef = 4A440D8620492B53004362A8 /* mySong3.mp3 */; };
		4A440D8A20492B54004362A8 /* mySong2.mp3 in Resources */ = {isa = PBXBuildFile; fileRef = 4A440D8720492B53004362A8 /* mySong2.mp3 */; };
		4A440D8B20492B54004362A8 /* mySong1.mp3 in Resources */ = {isa = PBXBuildFile; fileRef = 4A440D8820492B53004362A8 /* mySong1.mp3 */; };
		4A440D9020492FA3004362A8 /* picTest004.png in Resources */ = {isa = PBXBuildFile; fileRef = 4A440D8F20492FA3004362A8 /* picTest004.png */; };
		4A440D9220492FE0004362A8 /* picTest003.png in Resources */ = {isa = PBXBuildFile; fileRef = 4A440D9120492FE0004362A8 /* picTest003.png */; };
		4A80CD8B204E7DF800C4F1C1 /* Test004ViewController.m in Sources */ = {isa = PBXBuildFile; fileRef = 4A80CD8A204E7DF800C4F1C1 /* Test004ViewController.m */; };
		4A80CD8D204E7E4F00C4F1C1 /* Test004.storyboard in Resources */ = {isa = PBXBuildFile; fileRef = 4A80CD8C204E7E4F00C4F1C1 /* Test004.storyboard */; };
		4AC24682204CE532005CBDC2 /* Test003.storyboard in Resources */ = {isa = PBXBuildFile; fileRef = 4AC24681204CE532005CBDC2 /* Test003.storyboard */; };
		4AC24685204CE597005CBDC2 /* Test003ViewController.m in Sources */ = {isa = PBXBuildFile; fileRef = 4AC24684204CE597005CBDC2 /* Test003ViewController.m */; };
/* End PBXBuildFile section */

/* Begin PBXFileReference section */
		4A39E08D20480409000AB384 /* UILearnDemo.app */ = {isa = PBXFileReference; explicitFileType = wrapper.application; includeInIndex = 0; path = UILearnDemo.app; sourceTree = BUILT_PRODUCTS_DIR; };
		4A39E09020480409000AB384 /* AppDelegate.h */ = {isa = PBXFileReference; lastKnownFileType = sourcecode.c.h; path = AppDelegate.h; sourceTree = "<group>"; };
		4A39E09120480409000AB384 /* AppDelegate.m */ = {isa = PBXFileReference; lastKnownFileType = sourcecode.c.objc; path = AppDelegate.m; sourceTree = "<group>"; };
		4A39E09320480409000AB384 /* ViewController.h */ = {isa = PBXFileReference; lastKnownFileType = sourcecode.c.h; path = ViewController.h; sourceTree = "<group>"; };
		4A39E09420480409000AB384 /* ViewController.m */ = {isa = PBXFileReference; lastKnownFileType = sourcecode.c.objc; path = ViewController.m; sourceTree = "<group>"; };
		4A39E09720480409000AB384 /* Base */ = {isa = PBXFileReference; lastKnownFileType = file.storyboard; name = Base; path = Base.lproj/Main.storyboard; sourceTree = "<group>"; };
		4A39E09920480409000AB384 /* Assets.xcassets */ = {isa = PBXFileReference; lastKnownFileType = folder.assetcatalog; path = Assets.xcassets; sourceTree = "<group>"; };
		4A39E09C20480409000AB384 /* Base */ = {isa = PBXFileReference; lastKnownFileType = file.storyboard; name = Base; path = Base.lproj/LaunchScreen.storyboard; sourceTree = "<group>"; };
		4A39E09E20480409000AB384 /* Info.plist */ = {isa = PBXFileReference; lastKnownFileType = text.plist.xml; path = Info.plist; sourceTree = "<group>"; };
		4A39E09F20480409000AB384 /* main.m */ = {isa = PBXFileReference; lastKnownFileType = sourcecode.c.objc; path = main.m; sourceTree = "<group>"; };
		4A39E0B0204804A3000AB384 /* Test002.storyboard */ = {isa = PBXFileReference; fileEncoding = 4; lastKnownFileType = file.storyboard; path = Test002.storyboard; sourceTree = "<group>"; };
		4A39E0B1204804A3000AB384 /* Test002ViewController.m */ = {isa = PBXFileReference; fileEncoding = 4; lastKnownFileType = sourcecode.c.objc; path = Test002ViewController.m; sourceTree = "<group>"; };
		4A39E0B2204804A3000AB384 /* Test001.storyboard */ = {isa = PBXFileReference; fileEncoding = 4; lastKnownFileType = file.storyboard; path = Test001.storyboard; sourceTree = "<group>"; };
		4A39E0B3204804A3000AB384 /* Test001ViewController.h */ = {isa = PBXFileReference; fileEncoding = 4; lastKnownFileType = sourcecode.c.h; path = Test001ViewController.h; sourceTree = "<group>"; };
		4A39E0B4204804A3000AB384 /* Test001ViewController.m */ = {isa = PBXFileReference; fileEncoding = 4; lastKnownFileType = sourcecode.c.objc; path = Test001ViewController.m; sourceTree = "<group>"; };
		4A39E0B5204804A3000AB384 /* Test002ViewController.h */ = {isa = PBXFileReference; fileEncoding = 4; lastKnownFileType = sourcecode.c.h; path = Test002ViewController.h; sourceTree = "<group>"; };
		4A40A452204E2D1E00C6A576 /* LJYShop.h */ = {isa = PBXFileReference; lastKnownFileType = sourcecode.c.h; path = LJYShop.h; sourceTree = "<group>"; };
		4A40A453204E2D1E00C6A576 /* LJYShop.m */ = {isa = PBXFileReference; lastKnownFileType = sourcecode.c.objc; path = LJYShop.m; sourceTree = "<group>"; };
		4A40A455204E318900C6A576 /* LJYShopView.h */ = {isa = PBXFileReference; lastKnownFileType = sourcecode.c.h; path = LJYShopView.h; sourceTree = "<group>"; };
		4A40A456204E318900C6A576 /* LJYShopView.m */ = {isa = PBXFileReference; lastKnownFileType = sourcecode.c.objc; path = LJYShopView.m; sourceTree = "<group>"; };
		4A40A458204E3D1300C6A576 /* LJYShopView.xib */ = {isa = PBXFileReference; lastKnownFileType = file.xib; path = LJYShopView.xib; sourceTree = "<group>"; };
		4A40A45A204E3DF500C6A576 /* LJYShopViewXib.h */ = {isa = PBXFileReference; lastKnownFileType = sourcecode.c.h; path = LJYShopViewXib.h; sourceTree = "<group>"; };
		4A40A45B204E3DF500C6A576 /* LJYShopViewXib.m */ = {isa = PBXFileReference; lastKnownFileType = sourcecode.c.objc; path = LJYShopViewXib.m; sourceTree = "<group>"; };
		4A40A45D204E5F8D00C6A576 /* LJYButton.h */ = {isa = PBXFileReference; lastKnownFileType = sourcecode.c.h; path = LJYButton.h; sourceTree = "<group>"; };
		4A40A45E204E5F8D00C6A576 /* LJYButton.m */ = {isa = PBXFileReference; lastKnownFileType = sourcecode.c.objc; path = LJYButton.m; sourceTree = "<group>"; };
		4A440D8620492B53004362A8 /* mySong3.mp3 */ = {isa = PBXFileReference; lastKnownFileType = audio.mp3; path = mySong3.mp3; sourceTree = "<group>"; };
		4A440D8720492B53004362A8 /* mySong2.mp3 */ = {isa = PBXFileReference; lastKnownFileType = audio.mp3; path = mySong2.mp3; sourceTree = "<group>"; };
		4A440D8820492B53004362A8 /* mySong1.mp3 */ = {isa = PBXFileReference; lastKnownFileType = audio.mp3; path = mySong1.mp3; sourceTree = "<group>"; };
		4A440D8F20492FA3004362A8 /* picTest004.png */ = {isa = PBXFileReference; lastKnownFileType = image.png; path = picTest004.png; sourceTree = "<group>"; };
		4A440D9120492FE0004362A8 /* picTest003.png */ = {isa = PBXFileReference; lastKnownFileType = image.png; path = picTest003.png; sourceTree = "<group>"; };
		4A80CD89204E7DF800C4F1C1 /* Test004ViewController.h */ = {isa = PBXFileReference; lastKnownFileType = sourcecode.c.h; path = Test004ViewController.h; sourceTree = "<group>"; };
		4A80CD8A204E7DF800C4F1C1 /* Test004ViewController.m */ = {isa = PBXFileReference; lastKnownFileType = sourcecode.c.objc; path = Test004ViewController.m; sourceTree = "<group>"; };
		4A80CD8C204E7E4F00C4F1C1 /* Test004.storyboard */ = {isa = PBXFileReference; lastKnownFileType = file.storyboard; path = Test004.storyboard; sourceTree = "<group>"; };
		4AC24681204CE532005CBDC2 /* Test003.storyboard */ = {isa = PBXFileReference; lastKnownFileType = file.storyboard; path = Test003.storyboard; sourceTree = "<group>"; };
		4AC24683204CE597005CBDC2 /* Test003ViewController.h */ = {isa = PBXFileReference; lastKnownFileType = sourcecode.c.h; path = Test003ViewController.h; sourceTree = "<group>"; };
		4AC24684204CE597005CBDC2 /* Test003ViewController.m */ = {isa = PBXFileReference; lastKnownFileType = sourcecode.c.objc; path = Test003ViewController.m; sourceTree = "<group>"; };
/* End PBXFileReference section */

/* Begin PBXFrameworksBuildPhase section */
		4A39E08A20480409000AB384 /* Frameworks */ = {
			isa = PBXFrameworksBuildPhase;
			buildActionMask = 2147483647;
			files = (
			);
			runOnlyForDeploymentPostprocessing = 0;
		};
/* End PBXFrameworksBuildPhase section */

/* Begin PBXGroup section */
		4A39E08420480409000AB384 = {
			isa = PBXGroup;
			children = (
				4A39E08F20480409000AB384 /* UILearnDemo */,
				4A39E08E20480409000AB384 /* Products */,
			);
			sourceTree = "<group>";
		};
		4A39E08E20480409000AB384 /* Products */ = {
			isa = PBXGroup;
			children = (
				4A39E08D20480409000AB384 /* UILearnDemo.app */,
			);
			name = Products;
			sourceTree = "<group>";
		};
		4A39E08F20480409000AB384 /* UILearnDemo */ = {
			isa = PBXGroup;
			children = (
				4A39E0B2204804A3000AB384 /* Test001.storyboard */,
				4A39E0B3204804A3000AB384 /* Test001ViewController.h */,
				4A39E0B4204804A3000AB384 /* Test001ViewController.m */,
				4A39E0B0204804A3000AB384 /* Test002.storyboard */,
				4A39E0B5204804A3000AB384 /* Test002ViewController.h */,
				4A39E0B1204804A3000AB384 /* Test002ViewController.m */,
				4AC24681204CE532005CBDC2 /* Test003.storyboard */,
				4AC24683204CE597005CBDC2 /* Test003ViewController.h */,
				4AC24684204CE597005CBDC2 /* Test003ViewController.m */,
				4A40A452204E2D1E00C6A576 /* LJYShop.h */,
				4A40A453204E2D1E00C6A576 /* LJYShop.m */,
				4A40A455204E318900C6A576 /* LJYShopView.h */,
				4A40A456204E318900C6A576 /* LJYShopView.m */,
				4A40A45D204E5F8D00C6A576 /* LJYButton.h */,
				4A40A45E204E5F8D00C6A576 /* LJYButton.m */,
				4A40A45A204E3DF500C6A576 /* LJYShopViewXib.h */,
				4A40A45B204E3DF500C6A576 /* LJYShopViewXib.m */,
				4A80CD8C204E7E4F00C4F1C1 /* Test004.storyboard */,
				4A80CD89204E7DF800C4F1C1 /* Test004ViewController.h */,
				4A80CD8A204E7DF800C4F1C1 /* Test004ViewController.m */,
				4A39E09020480409000AB384 /* AppDelegate.h */,
				4A39E09120480409000AB384 /* AppDelegate.m */,
				4A39E09320480409000AB384 /* ViewController.h */,
				4A39E09420480409000AB384 /* ViewController.m */,
				4A39E09620480409000AB384 /* Main.storyboard */,
				4A39E09920480409000AB384 /* Assets.xcassets */,
				4A39E09B20480409000AB384 /* LaunchScreen.storyboard */,
				4A39E09E20480409000AB384 /* Info.plist */,
				4A440D8C20492BA2004362A8 /* 图片 */,
				4A440D8520492B53004362A8 /* 音乐 */,
				4A39E09F20480409000AB384 /* main.m */,
				4A40A458204E3D1300C6A576 /* LJYShopView.xib */,
			);
			path = UILearnDemo;
			sourceTree = "<group>";
		};
		4A440D8520492B53004362A8 /* 音乐 */ = {
			isa = PBXGroup;
			children = (
				4A440D8620492B53004362A8 /* mySong3.mp3 */,
				4A440D8720492B53004362A8 /* mySong2.mp3 */,
				4A440D8820492B53004362A8 /* mySong1.mp3 */,
			);
			path = "音乐";
			sourceTree = "<group>";
		};
		4A440D8C20492BA2004362A8 /* 图片 */ = {
			isa = PBXGroup;
			children = (
				4A440D9120492FE0004362A8 /* picTest003.png */,
				4A440D8F20492FA3004362A8 /* picTest004.png */,
			);
			path = "图片";
			sourceTree = "<group>";
		};
/* End PBXGroup section */

/* Begin PBXNativeTarget section */
		4A39E08C20480409000AB384 /* UILearnDemo */ = {
			isa = PBXNativeTarget;
			buildConfigurationList = 4A39E0A320480409000AB384 /* Build configuration list for PBXNativeTarget "UILearnDemo" */;
			buildPhases = (
				4A39E08920480409000AB384 /* Sources */,
				4A39E08A20480409000AB384 /* Frameworks */,
				4A39E08B20480409000AB384 /* Resources */,
			);
			buildRules = (
			);
			dependencies = (
			);
			name = UILearnDemo;
			productName = UILearnDemo;
			productReference = 4A39E08D20480409000AB384 /* UILearnDemo.app */;
			productType = "com.apple.product-type.application";
		};
/* End PBXNativeTarget section */

/* Begin PBXProject section */
		4A39E08520480409000AB384 /* Project object */ = {
			isa = PBXProject;
			attributes = {
				CLASSPREFIX = LJY;
				LastUpgradeCheck = 0910;
				ORGANIZATIONNAME = LJY;
				TargetAttributes = {
					4A39E08C20480409000AB384 = {
						CreatedOnToolsVersion = 9.1;
						ProvisioningStyle = Automatic;
					};
				};
			};
			buildConfigurationList = 4A39E08820480409000AB384 /* Build configuration list for PBXProject "UILearnDemo" */;
			compatibilityVersion = "Xcode 8.0";
			developmentRegion = en;
			hasScannedForEncodings = 0;
			knownRegions = (
				en,
				Base,
			);
			mainGroup = 4A39E08420480409000AB384;
			productRefGroup = 4A39E08E20480409000AB384 /* Products */;
			projectDirPath = "";
			projectRoot = "";
			targets = (
				4A39E08C20480409000AB384 /* UILearnDemo */,
			);
		};
/* End PBXProject section */

/* Begin PBXResourcesBuildPhase section */
		4A39E08B20480409000AB384 /* Resources */ = {
			isa = PBXResourcesBuildPhase;
			buildActionMask = 2147483647;
			files = (
				4A440D9220492FE0004362A8 /* picTest003.png in Resources */,
				4A440D8A20492B54004362A8 /* mySong2.mp3 in Resources */,
				4A39E09D20480409000AB384 /* LaunchScreen.storyboard in Resources */,
				4A440D8B20492B54004362A8 /* mySong1.mp3 in Resources */,
				4A39E0B8204804A4000AB384 /* Test001.storyboard in Resources */,
				4A80CD8D204E7E4F00C4F1C1 /* Test004.storyboard in Resources */,
				4A39E09A20480409000AB384 /* Assets.xcassets in Resources */,
				4AC24682204CE532005CBDC2 /* Test003.storyboard in Resources */,
				4A440D9020492FA3004362A8 /* picTest004.png in Resources */,
				4A40A459204E3D1300C6A576 /* LJYShopView.xib in Resources */,
				4A39E09820480409000AB384 /* Main.storyboard in Resources */,
				4A440D8920492B53004362A8 /* mySong3.mp3 in Resources */,
				4A39E0B6204804A4000AB384 /* Test002.storyboard in Resources */,
			);
			runOnlyForDeploymentPostprocessing = 0;
		};
/* End PBXResourcesBuildPhase section */

/* Begin PBXSourcesBuildPhase section */
		4A39E08920480409000AB384 /* Sources */ = {
			isa = PBXSourcesBuildPhase;
			buildActionMask = 2147483647;
			files = (
				4A80CD8B204E7DF800C4F1C1 /* Test004ViewController.m in Sources */,
				4AC24685204CE597005CBDC2 /* Test003ViewController.m in Sources */,
				4A40A45F204E5F8D00C6A576 /* LJYButton.m in Sources */,
				4A39E09520480409000AB384 /* ViewController.m in Sources */,
				4A40A45C204E3DF500C6A576 /* LJYShopViewXib.m in Sources */,
				4A39E0A020480409000AB384 /* main.m in Sources */,
				4A39E09220480409000AB384 /* AppDelegate.m in Sources */,
				4A40A457204E318900C6A576 /* LJYShopView.m in Sources */,
				4A39E0B9204804A4000AB384 /* Test001ViewController.m in Sources */,
				4A39E0B7204804A4000AB384 /* Test002ViewController.m in Sources */,
				4A40A454204E2D1E00C6A576 /* LJYShop.m in Sources */,
			);
			runOnlyForDeploymentPostprocessing = 0;
		};
/* End PBXSourcesBuildPhase section */

/* Begin PBXVariantGroup section */
		4A39E09620480409000AB384 /* Main.storyboard */ = {
			isa = PBXVariantGroup;
			children = (
				4A39E09720480409000AB384 /* Base */,
			);
			name = Main.storyboard;
			sourceTree = "<group>";
		};
		4A39E09B20480409000AB384 /* LaunchScreen.storyboard */ = {
			isa = PBXVariantGroup;
			children = (
				4A39E09C20480409000AB384 /* Base */,
			);
			name = LaunchScreen.storyboard;
			sourceTree = "<group>";
		};
/* End PBXVariantGroup section */

/* Begin XCBuildConfiguration section */
		4A39E0A120480409000AB384 /* Debug */ = {
			isa = XCBuildConfiguration;
			buildSettings = {
				ALWAYS_SEARCH_USER_PATHS = NO;
				CLANG_ANALYZER_NONNULL = YES;
				CLANG_ANALYZER_NUMBER_OBJECT_CONVERSION = YES_AGGRESSIVE;
				CLANG_CXX_LANGUAGE_STANDARD = "gnu++14";
				CLANG_CXX_LIBRARY = "libc++";
				CLANG_ENABLE_MODULES = YES;
				CLANG_ENABLE_OBJC_ARC = YES;
				CLANG_WARN_BLOCK_CAPTURE_AUTORELEASING = YES;
				CLANG_WARN_BOOL_CONVERSION = YES;
				CLANG_WARN_COMMA = YES;
				CLANG_WARN_CONSTANT_CONVERSION = YES;
				CLANG_WARN_DIRECT_OBJC_ISA_USAGE = YES_ERROR;
				CLANG_WARN_DOCUMENTATION_COMMENTS = YES;
				CLANG_WARN_EMPTY_BODY = YES;
				CLANG_WARN_ENUM_CONVERSION = YES;
				CLANG_WARN_INFINITE_RECURSION = YES;
				CLANG_WARN_INT_CONVERSION = YES;
				CLANG_WARN_NON_LITERAL_NULL_CONVERSION = YES;
				CLANG_WARN_OBJC_LITERAL_CONVERSION = YES;
				CLANG_WARN_OBJC_ROOT_CLASS = YES_ERROR;
				CLANG_WARN_RANGE_LOOP_ANALYSIS = YES;
				CLANG_WARN_STRICT_PROTOTYPES = YES;
				CLANG_WARN_SUSPICIOUS_MOVE = YES;
				CLANG_WARN_UNGUARDED_AVAILABILITY = YES_AGGRESSIVE;
				CLANG_WARN_UNREACHABLE_CODE = YES;
				CLANG_WARN__DUPLICATE_METHOD_MATCH = YES;
				CODE_SIGN_IDENTITY = "iPhone Developer";
				COPY_PHASE_STRIP = NO;
				DEBUG_INFORMATION_FORMAT = dwarf;
				ENABLE_STRICT_OBJC_MSGSEND = YES;
				ENABLE_TESTABILITY = YES;
				GCC_C_LANGUAGE_STANDARD = gnu11;
				GCC_DYNAMIC_NO_PIC = NO;
				GCC_NO_COMMON_BLOCKS = YES;
				GCC_OPTIMIZATION_LEVEL = 0;
				GCC_PREPROCESSOR_DEFINITIONS = (
					"DEBUG=1",
					"$(inherited)",
				);
				GCC_WARN_64_TO_32_BIT_CONVERSION = YES;
				GCC_WARN_ABOUT_RETURN_TYPE = YES_ERROR;
				GCC_WARN_UNDECLARED_SELECTOR = YES;
				GCC_WARN_UNINITIALIZED_AUTOS = YES_AGGRESSIVE;
				GCC_WARN_UNUSED_FUNCTION = YES;
				GCC_WARN_UNUSED_VARIABLE = YES;
				IPHONEOS_DEPLOYMENT_TARGET = 11.1;
				MTL_ENABLE_DEBUG_INFO = YES;
				ONLY_ACTIVE_ARCH = YES;
				SDKROOT = iphoneos;
			};
			name = Debug;
		};
		4A39E0A220480409000AB384 /* Release */ = {
			isa = XCBuildConfiguration;
			buildSettings = {
				ALWAYS_SEARCH_USER_PATHS = NO;
				CLANG_ANALYZER_NONNULL = YES;
				CLANG_ANALYZER_NUMBER_OBJECT_CONVERSION = YES_AGGRESSIVE;
				CLANG_CXX_LANGUAGE_STANDARD = "gnu++14";
				CLANG_CXX_LIBRARY = "libc++";
				CLANG_ENABLE_MODULES = YES;
				CLANG_ENABLE_OBJC_ARC = YES;
				CLANG_WARN_BLOCK_CAPTURE_AUTORELEASING = YES;
				CLANG_WARN_BOOL_CONVERSION = YES;
				CLANG_WARN_COMMA = YES;
				CLANG_WARN_CONSTANT_CONVERSION = YES;
				CLANG_WARN_DIRECT_OBJC_ISA_USAGE = YES_ERROR;
				CLANG_WARN_DOCUMENTATION_COMMENTS = YES;
				CLANG_WARN_EMPTY_BODY = YES;
				CLANG_WARN_ENUM_CONVERSION = YES;
				CLANG_WARN_INFINITE_RECURSION = YES;
				CLANG_WARN_INT_CONVERSION = YES;
				CLANG_WARN_NON_LITERAL_NULL_CONVERSION = YES;
				CLANG_WARN_OBJC_LITERAL_CONVERSION = YES;
				CLANG_WARN_OBJC_ROOT_CLASS = YES_ERROR;
				CLANG_WARN_RANGE_LOOP_ANALYSIS = YES;
				CLANG_WARN_STRICT_PROTOTYPES = YES;
				CLANG_WARN_SUSPICIOUS_MOVE = YES;
				CLANG_WARN_UNGUARDED_AVAILABILITY = YES_AGGRESSIVE;
				CLANG_WARN_UNREACHABLE_CODE = YES;
				CLANG_WARN__DUPLICATE_METHOD_MATCH = YES;
				CODE_SIGN_IDENTITY = "iPhone Developer";
				COPY_PHASE_STRIP = NO;
				DEBUG_INFORMATION_FORMAT = "dwarf-with-dsym";
				ENABLE_NS_ASSERTIONS = NO;
				ENABLE_STRICT_OBJC_MSGSEND = YES;
				GCC_C_LANGUAGE_STANDARD = gnu11;
				GCC_NO_COMMON_BLOCKS = YES;
				GCC_WARN_64_TO_32_BIT_CONVERSION = YES;
				GCC_WARN_ABOUT_RETURN_TYPE = YES_ERROR;
				GCC_WARN_UNDECLARED_SELECTOR = YES;
				GCC_WARN_UNINITIALIZED_AUTOS = YES_AGGRESSIVE;
				GCC_WARN_UNUSED_FUNCTION = YES;
				GCC_WARN_UNUSED_VARIABLE = YES;
				IPHONEOS_DEPLOYMENT_TARGET = 11.1;
				MTL_ENABLE_DEBUG_INFO = NO;
				SDKROOT = iphoneos;
				VALIDATE_PRODUCT = YES;
			};
			name = Release;
		};
		4A39E0A420480409000AB384 /* Debug */ = {
			isa = XCBuildConfiguration;
			buildSettings = {
				ASSETCATALOG_COMPILER_APPICON_NAME = AppIcon;
				CODE_SIGN_STYLE = Automatic;
				INFOPLIST_FILE = UILearnDemo/Info.plist;
				LD_RUNPATH_SEARCH_PATHS = "$(inherited) @executable_path/Frameworks";
				PRODUCT_BUNDLE_IDENTIFIER = com.ljy.UILearnDemo;
				PRODUCT_NAME = "$(TARGET_NAME)";
				TARGETED_DEVICE_FAMILY = "1,2";
			};
			name = Debug;
		};
		4A39E0A520480409000AB384 /* Release */ = {
			isa = XCBuildConfiguration;
			buildSettings = {
				ASSETCATALOG_COMPILER_APPICON_NAME = AppIcon;
				CODE_SIGN_STYLE = Automatic;
				INFOPLIST_FILE = UILearnDemo/Info.plist;
				LD_RUNPATH_SEARCH_PATHS = "$(inherited) @executable_path/Frameworks";
				PRODUCT_BUNDLE_IDENTIFIER = com.ljy.UILearnDemo;
				PRODUCT_NAME = "$(TARGET_NAME)";
				TARGETED_DEVICE_FAMILY = "1,2";
			};
			name = Release;
		};
/* End XCBuildConfiguration section */

/* Begin XCConfigurationList section */
		4A39E08820480409000AB384 /* Build configuration list for PBXProject "UILearnDemo" */ = {
			isa = XCConfigurationList;
			buildConfigurations = (
				4A39E0A120480409000AB384 /* Debug */,
				4A39E0A220480409000AB384 /* Release */,
			);
			defaultConfigurationIsVisible = 0;
			defaultConfigurationName = Release;
		};
		4A39E0A320480409000AB384 /* Build configuration list for PBXNativeTarget "UILearnDemo" */ = {
			isa = XCConfigurationList;
			buildConfigurations = (
				4A39E0A420480409000AB384 /* Debug */,
				4A39E0A520480409000AB384 /* Release */,
			);
			defaultConfigurationIsVisible = 0;
			defaultConfigurationName = Release;
		};
/* End XCConfigurationList section */
	};
	rootObject = 4A39E08520480409000AB384 /* Project object */;
}
