// !$*UTF8*$!
{
	archiveVersion = 1;
	classes = {
	};
	objectVersion = 48;
	objects = {

/* Begin PBXBuildFile section */
		4A8D3B71207B6282003AEED6 /* AppDelegate.m in Sources */ = {isa = PBXBuildFile; fileRef = 4A8D3B70207B6282003AEED6 /* AppDelegate.m */; };
		4A8D3B74207B6282003AEED6 /* ViewController.m in Sources */ = {isa = PBXBuildFile; fileRef = 4A8D3B73207B6282003AEED6 /* ViewController.m */; };
		4A8D3B77207B6282003AEED6 /* Main.storyboard in Resources */ = {isa = PBXBuildFile; fileRef = 4A8D3B75207B6282003AEED6 /* Main.storyboard */; };
		4A8D3B79207B6282003AEED6 /* Assets.xcassets in Resources */ = {isa = PBXBuildFile; fileRef = 4A8D3B78207B6282003AEED6 /* Assets.xcassets */; };
		4A8D3B7C207B6282003AEED6 /* LaunchScreen.storyboard in Resources */ = {isa = PBXBuildFile; fileRef = 4A8D3B7A207B6282003AEED6 /* LaunchScreen.storyboard */; };
		4A8D3B7F207B6282003AEED6 /* main.m in Sources */ = {isa = PBXBuildFile; fileRef = 4A8D3B7E207B6282003AEED6 /* main.m */; };
/* End PBXBuildFile section */

/* Begin PBXFileReference section */
		4A8D3B6C207B6282003AEED6 /* TestDemos.app */ = {isa = PBXFileReference; explicitFileType = wrapper.application; includeInIndex = 0; path = TestDemos.app; sourceTree = BUILT_PRODUCTS_DIR; };
		4A8D3B6F207B6282003AEED6 /* AppDelegate.h */ = {isa = PBXFileReference; lastKnownFileType = sourcecode.c.h; path = AppDelegate.h; sourceTree = "<group>"; };
		4A8D3B70207B6282003AEED6 /* AppDelegate.m */ = {isa = PBXFileReference; lastKnownFileType = sourcecode.c.objc; path = AppDelegate.m; sourceTree = "<group>"; };
		4A8D3B72207B6282003AEED6 /* ViewController.h */ = {isa = PBXFileReference; lastKnownFileType = sourcecode.c.h; path = ViewController.h; sourceTree = "<group>"; };
		4A8D3B73207B6282003AEED6 /* ViewController.m */ = {isa = PBXFileReference; lastKnownFileType = sourcecode.c.objc; path = ViewController.m; sourceTree = "<group>"; };
		4A8D3B76207B6282003AEED6 /* Base */ = {isa = PBXFileReference; lastKnownFileType = file.storyboard; name = Base; path = Base.lproj/Main.storyboard; sourceTree = "<group>"; };
		4A8D3B78207B6282003AEED6 /* Assets.xcassets */ = {isa = PBXFileReference; lastKnownFileType = folder.assetcatalog; path = Assets.xcassets; sourceTree = "<group>"; };
		4A8D3B7B207B6282003AEED6 /* Base */ = {isa = PBXFileReference; lastKnownFileType = file.storyboard; name = Base; path = Base.lproj/LaunchScreen.storyboard; sourceTree = "<group>"; };
		4A8D3B7D207B6282003AEED6 /* Info.plist */ = {isa = PBXFileReference; lastKnownFileType = text.plist.xml; path = Info.plist; sourceTree = "<group>"; };
		4A8D3B7E207B6282003AEED6 /* main.m */ = {isa = PBXFileReference; lastKnownFileType = sourcecode.c.objc; path = main.m; sourceTree = "<group>"; };
/* End PBXFileReference section */

/* Begin PBXFrameworksBuildPhase section */
		4A8D3B69207B6282003AEED6 /* Frameworks */ = {
			isa = PBXFrameworksBuildPhase;
			buildActionMask = 2147483647;
			files = (
			);
			runOnlyForDeploymentPostprocessing = 0;
		};
/* End PBXFrameworksBuildPhase section */

/* Begin PBXGroup section */
		4A8D3B63207B6282003AEED6 = {
			isa = PBXGroup;
			children = (
				4A8D3B6E207B6282003AEED6 /* TestDemos */,
				4A8D3B6D207B6282003AEED6 /* Products */,
			);
			sourceTree = "<group>";
		};
		4A8D3B6D207B6282003AEED6 /* Products */ = {
			isa = PBXGroup;
			children = (
				4A8D3B6C207B6282003AEED6 /* TestDemos.app */,
			);
			name = Products;
			sourceTree = "<group>";
		};
		4A8D3B6E207B6282003AEED6 /* TestDemos */ = {
			isa = PBXGroup;
			children = (
				4A8D3B6F207B6282003AEED6 /* AppDelegate.h */,
				4A8D3B70207B6282003AEED6 /* AppDelegate.m */,
				4A8D3B72207B6282003AEED6 /* ViewController.h */,
				4A8D3B73207B6282003AEED6 /* ViewController.m */,
				4A8D3B75207B6282003AEED6 /* Main.storyboard */,
				4A8D3B78207B6282003AEED6 /* Assets.xcassets */,
				4A8D3B7A207B6282003AEED6 /* LaunchScreen.storyboard */,
				4A8D3B7D207B6282003AEED6 /* Info.plist */,
				4A8D3B7E207B6282003AEED6 /* main.m */,
			);
			path = TestDemos;
			sourceTree = "<group>";
		};
/* End PBXGroup section */

/* Begin PBXNativeTarget section */
		4A8D3B6B207B6282003AEED6 /* TestDemos */ = {
			isa = PBXNativeTarget;
			buildConfigurationList = 4A8D3B82207B6282003AEED6 /* Build configuration list for PBXNativeTarget "TestDemos" */;
			buildPhases = (
				4A8D3B68207B6282003AEED6 /* Sources */,
				4A8D3B69207B6282003AEED6 /* Frameworks */,
				4A8D3B6A207B6282003AEED6 /* Resources */,
			);
			buildRules = (
			);
			dependencies = (
			);
			name = TestDemos;
			productName = TestDemos;
			productReference = 4A8D3B6C207B6282003AEED6 /* TestDemos.app */;
			productType = "com.apple.product-type.application";
		};
/* End PBXNativeTarget section */

/* Begin PBXProject section */
		4A8D3B64207B6282003AEED6 /* Project object */ = {
			isa = PBXProject;
			attributes = {
				LastUpgradeCheck = 0910;
				ORGANIZATIONNAME = LJY;
				TargetAttributes = {
					4A8D3B6B207B6282003AEED6 = {
						CreatedOnToolsVersion = 9.1;
						ProvisioningStyle = Automatic;
					};
				};
			};
			buildConfigurationList = 4A8D3B67207B6282003AEED6 /* Build configuration list for PBXProject "TestDemos" */;
			compatibilityVersion = "Xcode 8.0";
			developmentRegion = en;
			hasScannedForEncodings = 0;
			knownRegions = (
				en,
				Base,
			);
			mainGroup = 4A8D3B63207B6282003AEED6;
			productRefGroup = 4A8D3B6D207B6282003AEED6 /* Products */;
			projectDirPath = "";
			projectRoot = "";
			targets = (
				4A8D3B6B207B6282003AEED6 /* TestDemos */,
			);
		};
/* End PBXProject section */

/* Begin PBXResourcesBuildPhase section */
		4A8D3B6A207B6282003AEED6 /* Resources */ = {
			isa = PBXResourcesBuildPhase;
			buildActionMask = 2147483647;
			files = (
				4A8D3B7C207B6282003AEED6 /* LaunchScreen.storyboard in Resources */,
				4A8D3B79207B6282003AEED6 /* Assets.xcassets in Resources */,
				4A8D3B77207B6282003AEED6 /* Main.storyboard in Resources */,
			);
			runOnlyForDeploymentPostprocessing = 0;
		};
/* End PBXResourcesBuildPhase section */

/* Begin PBXSourcesBuildPhase section */
		4A8D3B68207B6282003AEED6 /* Sources */ = {
			isa = PBXSourcesBuildPhase;
			buildActionMask = 2147483647;
			files = (
				4A8D3B74207B6282003AEED6 /* ViewController.m in Sources */,
				4A8D3B7F207B6282003AEED6 /* main.m in Sources */,
				4A8D3B71207B6282003AEED6 /* AppDelegate.m in Sources */,
			);
			runOnlyForDeploymentPostprocessing = 0;
		};
/* End PBXSourcesBuildPhase section */

/* Begin PBXVariantGroup section */
		4A8D3B75207B6282003AEED6 /* Main.storyboard */ = {
			isa = PBXVariantGroup;
			children = (
				4A8D3B76207B6282003AEED6 /* Base */,
			);
			name = Main.storyboard;
			sourceTree = "<group>";
		};
		4A8D3B7A207B6282003AEED6 /* LaunchScreen.storyboard */ = {
			isa = PBXVariantGroup;
			children = (
				4A8D3B7B207B6282003AEED6 /* Base */,
			);
			name = LaunchScreen.storyboard;
			sourceTree = "<group>";
		};
/* End PBXVariantGroup section */

/* Begin XCBuildConfiguration section */
		4A8D3B80207B6282003AEED6 /* Debug */ = {
			isa = XCBuildConfiguration;
			buildSettings = {
				ALWAYS_SEARCH_USER_PATHS = NO;
				CLANG_ANALYZER_NONNULL = YES;
				CLANG_ANALYZER_NUMBER_OBJECT_CONVERSION = YES_AGGRESSIVE;
				CLANG_CXX_LANGUAGE_STANDARD = "gnu++14";
				CLANG_CXX_LIBRARY = "libc++";
				CLANG_ENABLE_MODULES = YES;
				CLANG_ENABLE_OBJC_ARC = YES;
				CLANG_WARN_BLOCK_CAPTURE_AUTORELEASING = YES;
				CLANG_WARN_BOOL_CONVERSION = YES;
				CLANG_WARN_COMMA = YES;
				CLANG_WARN_CONSTANT_CONVERSION = YES;
				CLANG_WARN_DIRECT_OBJC_ISA_USAGE = YES_ERROR;
				CLANG_WARN_DOCUMENTATION_COMMENTS = YES;
				CLANG_WARN_EMPTY_BODY = YES;
				CLANG_WARN_ENUM_CONVERSION = YES;
				CLANG_WARN_INFINITE_RECURSION = YES;
				CLANG_WARN_INT_CONVERSION = YES;
				CLANG_WARN_NON_LITERAL_NULL_CONVERSION = YES;
				CLANG_WARN_OBJC_LITERAL_CONVERSION = YES;
				CLANG_WARN_OBJC_ROOT_CLASS = YES_ERROR;
				CLANG_WARN_RANGE_LOOP_ANALYSIS = YES;
				CLANG_WARN_STRICT_PROTOTYPES = YES;
				CLANG_WARN_SUSPICIOUS_MOVE = YES;
				CLANG_WARN_UNGUARDED_AVAILABILITY = YES_AGGRESSIVE;
				CLANG_WARN_UNREACHABLE_CODE = YES;
				CLANG_WARN__DUPLICATE_METHOD_MATCH = YES;
				CODE_SIGN_IDENTITY = "iPhone Developer";
				COPY_PHASE_STRIP = NO;
				DEBUG_INFORMATION_FORMAT = dwarf;
				ENABLE_STRICT_OBJC_MSGSEND = YES;
				ENABLE_TESTABILITY = YES;
				GCC_C_LANGUAGE_STANDARD = gnu11;
				GCC_DYNAMIC_NO_PIC = NO;
				GCC_NO_COMMON_BLOCKS = YES;
				GCC_OPTIMIZATION_LEVEL = 0;
				GCC_PREPROCESSOR_DEFINITIONS = (
					"DEBUG=1",
					"$(inherited)",
				);
				GCC_WARN_64_TO_32_BIT_CONVERSION = YES;
				GCC_WARN_ABOUT_RETURN_TYPE = YES_ERROR;
				GCC_WARN_UNDECLARED_SELECTOR = YES;
				GCC_WARN_UNINITIALIZED_AUTOS = YES_AGGRESSIVE;
				GCC_WARN_UNUSED_FUNCTION = YES;
				GCC_WARN_UNUSED_VARIABLE = YES;
				IPHONEOS_DEPLOYMENT_TARGET = 11.1;
				MTL_ENABLE_DEBUG_INFO = YES;
				ONLY_ACTIVE_ARCH = YES;
				SDKROOT = iphoneos;
			};
			name = Debug;
		};
		4A8D3B81207B6282003AEED6 /* Release */ = {
			isa = XCBuildConfiguration;
			buildSettings = {
				ALWAYS_SEARCH_USER_PATHS = NO;
				CLANG_ANALYZER_NONNULL = YES;
				CLANG_ANALYZER_NUMBER_OBJECT_CONVERSION = YES_AGGRESSIVE;
				CLANG_CXX_LANGUAGE_STANDARD = "gnu++14";
				CLANG_CXX_LIBRARY = "libc++";
				CLANG_ENABLE_MODULES = YES;
				CLANG_ENABLE_OBJC_ARC = YES;
				CLANG_WARN_BLOCK_CAPTURE_AUTORELEASING = YES;
				CLANG_WARN_BOOL_CONVERSION = YES;
				CLANG_WARN_COMMA = YES;
				CLANG_WARN_CONSTANT_CONVERSION = YES;
				CLANG_WARN_DIRECT_OBJC_ISA_USAGE = YES_ERROR;
				CLANG_WARN_DOCUMENTATION_COMMENTS = YES;
				CLANG_WARN_EMPTY_BODY = YES;
				CLANG_WARN_ENUM_CONVERSION = YES;
				CLANG_WARN_INFINITE_RECURSION = YES;
				CLANG_WARN_INT_CONVERSION = YES;
				CLANG_WARN_NON_LITERAL_NULL_CONVERSION = YES;
				CLANG_WARN_OBJC_LITERAL_CONVERSION = YES;
				CLANG_WARN_OBJC_ROOT_CLASS = YES_ERROR;
				CLANG_WARN_RANGE_LOOP_ANALYSIS = YES;
				CLANG_WARN_STRICT_PROTOTYPES = YES;
				CLANG_WARN_SUSPICIOUS_MOVE = YES;
				CLANG_WARN_UNGUARDED_AVAILABILITY = YES_AGGRESSIVE;
				CLANG_WARN_UNREACHABLE_CODE = YES;
				CLANG_WARN__DUPLICATE_METHOD_MATCH = YES;
				CODE_SIGN_IDENTITY = "iPhone Developer";
				COPY_PHASE_STRIP = NO;
				DEBUG_INFORMATION_FORMAT = "dwarf-with-dsym";
				ENABLE_NS_ASSERTIONS = NO;
				ENABLE_STRICT_OBJC_MSGSEND = YES;
				GCC_C_LANGUAGE_STANDARD = gnu11;
				GCC_NO_COMMON_BLOCKS = YES;
				GCC_WARN_64_TO_32_BIT_CONVERSION = YES;
				GCC_WARN_ABOUT_RETURN_TYPE = YES_ERROR;
				GCC_WARN_UNDECLARED_SELECTOR = YES;
				GCC_WARN_UNINITIALIZED_AUTOS = YES_AGGRESSIVE;
				GCC_WARN_UNUSED_FUNCTION = YES;
				GCC_WARN_UNUSED_VARIABLE = YES;
				IPHONEOS_DEPLOYMENT_TARGET = 11.1;
				MTL_ENABLE_DEBUG_INFO = NO;
				SDKROOT = iphoneos;
				VALIDATE_PRODUCT = YES;
			};
			name = Release;
		};
		4A8D3B83207B6282003AEED6 /* Debug */ = {
			isa = XCBuildConfiguration;
			buildSettings = {
				ASSETCATALOG_COMPILER_APPICON_NAME = AppIcon;
				CODE_SIGN_STYLE = Automatic;
				INFOPLIST_FILE = TestDemos/Info.plist;
				LD_RUNPATH_SEARCH_PATHS = "$(inherited) @executable_path/Frameworks";
				PRODUCT_BUNDLE_IDENTIFIER = com.ljy.TestDemos;
				PRODUCT_NAME = "$(TARGET_NAME)";
				TARGETED_DEVICE_FAMILY = "1,2";
			};
			name = Debug;
		};
		4A8D3B84207B6282003AEED6 /* Release */ = {
			isa = XCBuildConfiguration;
			buildSettings = {
				ASSETCATALOG_COMPILER_APPICON_NAME = AppIcon;
				CODE_SIGN_STYLE = Automatic;
				INFOPLIST_FILE = TestDemos/Info.plist;
				LD_RUNPATH_SEARCH_PATHS = "$(inherited) @executable_path/Frameworks";
				PRODUCT_BUNDLE_IDENTIFIER = com.ljy.TestDemos;
				PRODUCT_NAME = "$(TARGET_NAME)";
				TARGETED_DEVICE_FAMILY = "1,2";
			};
			name = Release;
		};
/* End XCBuildConfiguration section */

/* Begin XCConfigurationList section */
		4A8D3B67207B6282003AEED6 /* Build configuration list for PBXProject "TestDemos" */ = {
			isa = XCConfigurationList;
			buildConfigurations = (
				4A8D3B80207B6282003AEED6 /* Debug */,
				4A8D3B81207B6282003AEED6 /* Release */,
			);
			defaultConfigurationIsVisible = 0;
			defaultConfigurationName = Release;
		};
		4A8D3B82207B6282003AEED6 /* Build configuration list for PBXNativeTarget "TestDemos" */ = {
			isa = XCConfigurationList;
			buildConfigurations = (
				4A8D3B83207B6282003AEED6 /* Debug */,
				4A8D3B84207B6282003AEED6 /* Release */,
			);
			defaultConfigurationIsVisible = 0;
			defaultConfigurationName = Release;
		};
/* End XCConfigurationList section */
	};
	rootObject = 4A8D3B64207B6282003AEED6 /* Project object */;
}
